
Microsoft Visual Studio Solution File, Format Version 12.00
# Visual Studio Version 16
VisualStudioVersion = 16.0.31911.196
MinimumVisualStudioVersion = 10.0.40219.1
Project("{FAE04EC0-301F-11D3-BF4B-00C04F79EFBC}") = "SK_Shader_info", "SK_Shader_info.csproj", "{6FBAD0E6-47D5-4EFF-B300-63AC1F756912}"
EndProject
Global
	GlobalSection(SolutionConfigurationPlatforms) = preSolution
		Debug|Any CPU = Debug|Any CPU
		Release|Any CPU = Release|Any CPU
	EndGlobalSection
	GlobalSection(ProjectConfigurationPlatforms) = postSolution
		{6FBAD0E6-47D5-4EFF-B300-63AC1F756912}.Debug|Any CPU.ActiveCfg = Debug|Any CPU
		{6FBAD0E6-47D5-4EFF-B300-63AC1F756912}.Debug|Any CPU.Build.0 = Debug|Any CPU
		{6FBAD0E6-47D5-4EFF-B300-63AC1F756912}.Release|Any CPU.ActiveCfg = Release|Any CPU
		{6FBAD0E6-47D5-4EFF-B300-63AC1F756912}.Release|Any CPU.Build.0 = Release|Any CPU
	EndGlobalSection
	GlobalSection(SolutionProperties) = preSolution
		HideSolutionNode = FALSE
	EndGlobalSection
	GlobalSection(ExtensibilityGlobals) = postSolution
		SolutionGuid = {FAEB2488-60D3-4B68-AB73-147EA5F0E375}
	EndGlobalSection
EndGlobal
